
Microsoft Visual Studio Solution File, Format Version 12.00
# Visual Studio Version 17
VisualStudioVersion = 17.5.33502.453
MinimumVisualStudioVersion = 10.0.40219.1
Project("{9A19103F-16F7-4668-BE54-9A1E7A4F7556}") = "linq_file_processing", "linq_file_processing.csproj", "{D12E07C6-CFC5-41E0-9925-216D12BFDE3F}"
EndProject
Global
	GlobalSection(SolutionConfigurationPlatforms) = preSolution
		Debug|Any CPU = Debug|Any CPU
		Release|Any CPU = Release|Any CPU
	EndGlobalSection
	GlobalSection(ProjectConfigurationPlatforms) = postSolution
		{D12E07C6-CFC5-41E0-9925-216D12BFDE3F}.Debug|Any CPU.ActiveCfg = Debug|Any CPU
		{D12E07C6-CFC5-41E0-9925-216D12BFDE3F}.Debug|Any CPU.Build.0 = Debug|Any CPU
		{D12E07C6-CFC5-41E0-9925-216D12BFDE3F}.Release|Any CPU.ActiveCfg = Release|Any CPU
		{D12E07C6-CFC5-41E0-9925-216D12BFDE3F}.Release|Any CPU.Build.0 = Release|Any CPU
	EndGlobalSection
	GlobalSection(SolutionProperties) = preSolution
		HideSolutionNode = FALSE
	EndGlobalSection
	GlobalSection(ExtensibilityGlobals) = postSolution
		SolutionGuid = {7E204DD1-26F1-426D-9CAF-F26F8AA128D2}
	EndGlobalSection
EndGlobal
